
Microsoft Visual Studio Solution File, Format Version 12.00
# Visual Studio Version 16
VisualStudioVersion = 16.0.30907.101
MinimumVisualStudioVersion = 10.0.40219.1
Project("{FAE04EC0-301F-11D3-BF4B-00C04F79EFBC}") = "SquizzorHandAttach", "SquizzorHandAttach\SquizzorHandAttach.csproj", "{CDCBCA18-3DB8-4FCD-AA34-CFBBF0EFBC01}"
EndProject
Global
	GlobalSection(SolutionConfigurationPlatforms) = preSolution
		Debug|Any CPU = Debug|Any CPU
		Release|Any CPU = Release|Any CPU
	EndGlobalSection
	GlobalSection(ProjectConfigurationPlatforms) = postSolution
		{CDCBCA18-3DB8-4FCD-AA34-CFBBF0EFBC01}.Debug|Any CPU.ActiveCfg = Debug|Any CPU
		{CDCBCA18-3DB8-4FCD-AA34-CFBBF0EFBC01}.Debug|Any CPU.Build.0 = Debug|Any CPU
		{CDCBCA18-3DB8-4FCD-AA34-CFBBF0EFBC01}.Release|Any CPU.ActiveCfg = Release|Any CPU
		{CDCBCA18-3DB8-4FCD-AA34-CFBBF0EFBC01}.Release|Any CPU.Build.0 = Release|Any CPU
	EndGlobalSection
	GlobalSection(SolutionProperties) = preSolution
		HideSolutionNode = FALSE
	EndGlobalSection
	GlobalSection(ExtensibilityGlobals) = postSolution
		SolutionGuid = {D4307B76-B8B1-433D-A408-D3922416AF2F}
	EndGlobalSection
EndGlobal
